
Microsoft Visual Studio Solution File, Format Version 12.00
# Visual Studio Version 17
VisualStudioVersion = 17.8.34408.163
MinimumVisualStudioVersion = 10.0.40219.1
Project("{FAE04EC0-301F-11D3-BF4B-00C04F79EFBC}") = "WpfApp_ListView", "WpfApp_ListView\WpfApp_ListView.csproj", "{275B2563-D18E-4998-B2BE-3C72A05CE6CE}"
EndProject
Global
	GlobalSection(SolutionConfigurationPlatforms) = preSolution
		Debug|Any CPU = Debug|Any CPU
		Release|Any CPU = Release|Any CPU
	EndGlobalSection
	GlobalSection(ProjectConfigurationPlatforms) = postSolution
		{275B2563-D18E-4998-B2BE-3C72A05CE6CE}.Debug|Any CPU.ActiveCfg = Debug|Any CPU
		{275B2563-D18E-4998-B2BE-3C72A05CE6CE}.Debug|Any CPU.Build.0 = Debug|Any CPU
		{275B2563-D18E-4998-B2BE-3C72A05CE6CE}.Release|Any CPU.ActiveCfg = Release|Any CPU
		{275B2563-D18E-4998-B2BE-3C72A05CE6CE}.Release|Any CPU.Build.0 = Release|Any CPU
	EndGlobalSection
	GlobalSection(SolutionProperties) = preSolution
		HideSolutionNode = FALSE
	EndGlobalSection
	GlobalSection(ExtensibilityGlobals) = postSolution
		SolutionGuid = {B393579E-E8D7-48A7-8317-CED164F4C209}
	EndGlobalSection
EndGlobal
